{
    "version": 3,
    "terraform_version": "0.11.7",
    "serial": 5,
    "lineage": "b5035fb6-1e9b-0107-37e3-1e93f292d2f0",
    "modules": [
        {
            "path": [
                "root"
            ],
            "outputs": {},
            "resources": {
                "aws_eip.ip": {
                    "type": "aws_eip",
                    "depends_on": [
                        "aws_instance.demo-app"
                    ],
                    "primary": {
                        "id": "eipalloc-0f47b692e21fa6f87",
                        "attributes": {
                            "association_id": "eipassoc-0685bc659b1837c67",
                            "domain": "vpc",
                            "id": "eipalloc-0f47b692e21fa6f87",
                            "instance": "i-017ce2bdf0087c9b0",
                            "network_interface": "eni-005784c8b9391a0fc",
                            "private_ip": "172.31.83.0",
                            "public_ip": "18.233.90.36",
                            "tags.%": "0",
                            "vpc": "true"
                        },
                        "meta": {
                            "e2bfb730-ecaa-11e6-8f88-34363bc7c4c0": {
                                "delete": 180000000000,
                                "read": 900000000000,
                                "update": 300000000000
                            }
                        },
                        "tainted": false
                    },
                    "deposed": [],
                    "provider": "provider.aws"
                },
                "aws_instance.demo-app": {
                    "type": "aws_instance",
                    "depends_on": [],
                    "primary": {
                        "id": "i-017ce2bdf0087c9b0",
                        "attributes": {
                            "ami": "ami-b374d5a5",
                            "associate_public_ip_address": "true",
                            "availability_zone": "us-east-1a",
                            "disable_api_termination": "false",
                            "ebs_block_device.#": "0",
                            "ebs_optimized": "false",
                            "ephemeral_block_device.#": "0",
                            "get_password_data": "false",
                            "iam_instance_profile": "",
                            "id": "i-017ce2bdf0087c9b0",
                            "instance_state": "running",
                            "instance_type": "t2.micro",
                            "ipv6_addresses.#": "0",
                            "key_name": "",
                            "monitoring": "false",
                            "network_interface.#": "0",
                            "network_interface_id": "eni-005784c8b9391a0fc",
                            "password_data": "",
                            "placement_group": "",
                            "primary_network_interface_id": "eni-005784c8b9391a0fc",
                            "private_dns": "ip-172-31-83-0.ec2.internal",
                            "private_ip": "172.31.83.0",
                            "public_dns": "ec2-54-152-44-169.compute-1.amazonaws.com",
                            "public_ip": "54.152.44.169",
                            "root_block_device.#": "1",
                            "root_block_device.0.delete_on_termination": "true",
                            "root_block_device.0.iops": "100",
                            "root_block_device.0.volume_id": "vol-0d35a06ee35382983",
                            "root_block_device.0.volume_size": "8",
                            "root_block_device.0.volume_type": "gp2",
                            "security_groups.#": "1",
                            "security_groups.3814588639": "default",
                            "source_dest_check": "true",
                            "subnet_id": "subnet-a19c818e",
                            "tags.%": "0",
                            "tenancy": "default",
                            "volume_tags.%": "0",
                            "vpc_security_group_ids.#": "1",
                            "vpc_security_group_ids.2623643730": "sg-992c9cd0"
                        },
                        "meta": {
                            "e2bfb730-ecaa-11e6-8f88-34363bc7c4c0": {
                                "create": 600000000000,
                                "delete": 1200000000000,
                                "update": 600000000000
                            },
                            "schema_version": "1"
                        },
                        "tainted": false
                    },
                    "deposed": [],
                    "provider": "provider.aws"
                }
            },
            "depends_on": []
        }
    ]
}
